
Microsoft Visual Studio Solution File, Format Version 12.00
# Visual Studio Version 17
VisualStudioVersion = 17.6.33717.318
MinimumVisualStudioVersion = 10.0.40219.1
Project("{FAE04EC0-301F-11D3-BF4B-00C04F79EFBC}") = "35_Inheritance", "35_Inheritance\35_Inheritance.csproj", "{7DCFCD58-A48F-4585-84AC-DEDB53FD2D09}"
EndProject
Global
	GlobalSection(SolutionConfigurationPlatforms) = preSolution
		Debug|Any CPU = Debug|Any CPU
		Release|Any CPU = Release|Any CPU
	EndGlobalSection
	GlobalSection(ProjectConfigurationPlatforms) = postSolution
		{7DCFCD58-A48F-4585-84AC-DEDB53FD2D09}.Debug|Any CPU.ActiveCfg = Debug|Any CPU
		{7DCFCD58-A48F-4585-84AC-DEDB53FD2D09}.Debug|Any CPU.Build.0 = Debug|Any CPU
		{7DCFCD58-A48F-4585-84AC-DEDB53FD2D09}.Release|Any CPU.ActiveCfg = Release|Any CPU
		{7DCFCD58-A48F-4585-84AC-DEDB53FD2D09}.Release|Any CPU.Build.0 = Release|Any CPU
	EndGlobalSection
	GlobalSection(SolutionProperties) = preSolution
		HideSolutionNode = FALSE
	EndGlobalSection
	GlobalSection(ExtensibilityGlobals) = postSolution
		SolutionGuid = {0658A041-47E7-4FE0-B7A8-AB2C5BA1F106}
	EndGlobalSection
EndGlobal
