
Microsoft Visual Studio Solution File, Format Version 12.00
# Visual Studio Version 17
VisualStudioVersion = 17.6.33723.286
MinimumVisualStudioVersion = 10.0.40219.1
Project("{FAE04EC0-301F-11D3-BF4B-00C04F79EFBC}") = "79_maximum_and_minimum_elements_array", "79_maximum_and_minimum_elements_array\79_maximum_and_minimum_elements_array.csproj", "{F403A69C-F6EA-4430-93C4-5FEFEE973C7C}"
EndProject
Global
	GlobalSection(SolutionConfigurationPlatforms) = preSolution
		Debug|Any CPU = Debug|Any CPU
		Release|Any CPU = Release|Any CPU
	EndGlobalSection
	GlobalSection(ProjectConfigurationPlatforms) = postSolution
		{F403A69C-F6EA-4430-93C4-5FEFEE973C7C}.Debug|Any CPU.ActiveCfg = Debug|Any CPU
		{F403A69C-F6EA-4430-93C4-5FEFEE973C7C}.Debug|Any CPU.Build.0 = Debug|Any CPU
		{F403A69C-F6EA-4430-93C4-5FEFEE973C7C}.Release|Any CPU.ActiveCfg = Release|Any CPU
		{F403A69C-F6EA-4430-93C4-5FEFEE973C7C}.Release|Any CPU.Build.0 = Release|Any CPU
	EndGlobalSection
	GlobalSection(SolutionProperties) = preSolution
		HideSolutionNode = FALSE
	EndGlobalSection
	GlobalSection(ExtensibilityGlobals) = postSolution
		SolutionGuid = {26EDA08F-BCFD-442F-AB26-532DEE90B839}
	EndGlobalSection
EndGlobal
