
Microsoft Visual Studio Solution File, Format Version 12.00
# Visual Studio Version 17
VisualStudioVersion = 17.6.33717.318
MinimumVisualStudioVersion = 10.0.40219.1
Project("{FAE04EC0-301F-11D3-BF4B-00C04F79EFBC}") = "38_Pass_Objests_as_Arguments", "38_Pass_Objests_as_Arguments\38_Pass_Objests_as_Arguments.csproj", "{E3DF336B-8B9D-45F6-BAD0-6F2381558E8A}"
EndProject
Global
	GlobalSection(SolutionConfigurationPlatforms) = preSolution
		Debug|Any CPU = Debug|Any CPU
		Release|Any CPU = Release|Any CPU
	EndGlobalSection
	GlobalSection(ProjectConfigurationPlatforms) = postSolution
		{E3DF336B-8B9D-45F6-BAD0-6F2381558E8A}.Debug|Any CPU.ActiveCfg = Debug|Any CPU
		{E3DF336B-8B9D-45F6-BAD0-6F2381558E8A}.Debug|Any CPU.Build.0 = Debug|Any CPU
		{E3DF336B-8B9D-45F6-BAD0-6F2381558E8A}.Release|Any CPU.ActiveCfg = Release|Any CPU
		{E3DF336B-8B9D-45F6-BAD0-6F2381558E8A}.Release|Any CPU.Build.0 = Release|Any CPU
	EndGlobalSection
	GlobalSection(SolutionProperties) = preSolution
		HideSolutionNode = FALSE
	EndGlobalSection
	GlobalSection(ExtensibilityGlobals) = postSolution
		SolutionGuid = {4631BA87-F7CB-4222-A98A-1293532F4F7A}
	EndGlobalSection
EndGlobal
